# THIS IS AN AUTOGENERATED FILE. DO NOT EDIT THIS FILE DIRECTLY.
# yarn lockfile v1


"@openzeppelin/contracts-upgradeable@3.4.2-solc-0.7":
  version "3.4.2-solc-0.7"
  resolved "https://registry.yarnpkg.com/@openzeppelin/contracts-upgradeable/-/contracts-upgradeable-3.4.2-solc-0.7.tgz#9a5cdaf9f65bcd9a3b7e865f44a6f672afe7785e"
  integrity sha512-I5iKKS8U9L1XdSxsNAIBQekN0U9hTgdleoyntIdR7Jy3U/z/NZ/1oUM0v5HnUMrmn/bXLvYL94rBvaLF++Ndnw==

"@openzeppelin/contracts@3.4.2-solc-0.7":
  version "3.4.2-solc-0.7"
  resolved "https://registry.yarnpkg.com/@openzeppelin/contracts/-/contracts-3.4.2-solc-0.7.tgz#38f4dbab672631034076ccdf2f3201fab1726635"
  integrity sha512-W6QmqgkADuFcTLzHL8vVoNBtkwjvQRpYIAom7KiUNoLKghyx3FgH0GBjt8NRvigV1ZmMOBllvE1By1C+bi8WpA==
